// !$*UTF8*$!
{
	archiveVersion = 1;
	classes = {
	};
	objectVersion = 46;
	objects = {

/* Begin PBXBuildFile section */
		4B9E183819CD276C008B082E /* AppDelegate.swift in Sources */ = {isa = PBXBuildFile; fileRef = 4B9E183719CD276C008B082E /* AppDelegate.swift */; };
		4B9E183A19CD276C008B082E /* ViewController.swift in Sources */ = {isa = PBXBuildFile; fileRef = 4B9E183919CD276C008B082E /* ViewController.swift */; };
		4B9E183D19CD276C008B082E /* Main.storyboard in Resources */ = {isa = PBXBuildFile; fileRef = 4B9E183B19CD276C008B082E /* Main.storyboard */; };
		4B9E183F19CD276C008B082E /* Images.xcassets in Resources */ = {isa = PBXBuildFile; fileRef = 4B9E183E19CD276C008B082E /* Images.xcassets */; };
		4B9E184219CD276C008B082E /* LaunchScreen.xib in Resources */ = {isa = PBXBuildFile; fileRef = 4B9E184019CD276C008B082E /* LaunchScreen.xib */; };
		4B9E184E19CD276C008B082E /* PostcardTests.swift in Sources */ = {isa = PBXBuildFile; fileRef = 4B9E184D19CD276C008B082E /* PostcardTests.swift */; };
/* End PBXBuildFile section */

/* Begin PBXContainerItemProxy section */
		4B9E184819CD276C008B082E /* PBXContainerItemProxy */ = {
			isa = PBXContainerItemProxy;
			containerPortal = 4B9E182A19CD276C008B082E /* Project object */;
			proxyType = 1;
			remoteGlobalIDString = 4B9E183119CD276C008B082E;
			remoteInfo = Postcard;
		};
/* End PBXContainerItemProxy section */

/* Begin PBXFileReference section */
		4B9E183219CD276C008B082E /* Postcard.app */ = {isa = PBXFileReference; explicitFileType = wrapper.application; includeInIndex = 0; path = Postcard.app; sourceTree = BUILT_PRODUCTS_DIR; };
		4B9E183619CD276C008B082E /* Info.plist */ = {isa = PBXFileReference; lastKnownFileType = text.plist.xml; path = Info.plist; sourceTree = "<group>"; };
		4B9E183719CD276C008B082E /* AppDelegate.swift */ = {isa = PBXFileReference; lastKnownFileType = sourcecode.swift; path = AppDelegate.swift; sourceTree = "<group>"; };
		4B9E183919CD276C008B082E /* ViewController.swift */ = {isa = PBXFileReference; lastKnownFileType = sourcecode.swift; path = ViewController.swift; sourceTree = "<group>"; };
		4B9E183C19CD276C008B082E /* Base */ = {isa = PBXFileReference; lastKnownFileType = file.storyboard; name = Base; path = Base.lproj/Main.storyboard; sourceTree = "<group>"; };
		4B9E183E19CD276C008B082E /* Images.xcassets */ = {isa = PBXFileReference; lastKnownFileType = folder.assetcatalog; path = Images.xcassets; sourceTree = "<group>"; };
		4B9E184119CD276C008B082E /* Base */ = {isa = PBXFileReference; lastKnownFileType = file.xib; name = Base; path = Base.lproj/LaunchScreen.xib; sourceTree = "<group>"; };
		4B9E184719CD276C008B082E /* PostcardTests.xctest */ = {isa = PBXFileReference; explicitFileType = wrapper.cfbundle; includeInIndex = 0; path = PostcardTests.xctest; sourceTree = BUILT_PRODUCTS_DIR; };
		4B9E184C19CD276C008B082E /* Info.plist */ = {isa = PBXFileReference; lastKnownFileType = text.plist.xml; path = Info.plist; sourceTree = "<group>"; };
		4B9E184D19CD276C008B082E /* PostcardTests.swift */ = {isa = PBXFileReference; lastKnownFileType = sourcecode.swift; path = PostcardTests.swift; sourceTree = "<group>"; };
/* End PBXFileReference section */

/* Begin PBXFrameworksBuildPhase section */
		4B9E182F19CD276C008B082E /* Frameworks */ = {
			isa = PBXFrameworksBuildPhase;
			buildActionMask = 2147483647;
			files = (
			);
			runOnlyForDeploymentPostprocessing = 0;
		};
		4B9E184419CD276C008B082E /* Frameworks */ = {
			isa = PBXFrameworksBuildPhase;
			buildActionMask = 2147483647;
			files = (
			);
			runOnlyForDeploymentPostprocessing = 0;
		};
/* End PBXFrameworksBuildPhase section */

/* Begin PBXGroup section */
		4B9E182919CD276C008B082E = {
			isa = PBXGroup;
			children = (
				4B9E183419CD276C008B082E /* Postcard */,
				4B9E184A19CD276C008B082E /* PostcardTests */,
				4B9E183319CD276C008B082E /* Products */,
			);
			sourceTree = "<group>";
		};
		4B9E183319CD276C008B082E /* Products */ = {
			isa = PBXGroup;
			children = (
				4B9E183219CD276C008B082E /* Postcard.app */,
				4B9E184719CD276C008B082E /* PostcardTests.xctest */,
			);
			name = Products;
			sourceTree = "<group>";
		};
		4B9E183419CD276C008B082E /* Postcard */ = {
			isa = PBXGroup;
			children = (
				4B9E183719CD276C008B082E /* AppDelegate.swift */,
				4B9E183919CD276C008B082E /* ViewController.swift */,
				4B9E183B19CD276C008B082E /* Main.storyboard */,
				4B9E183E19CD276C008B082E /* Images.xcassets */,
				4B9E184019CD276C008B082E /* LaunchScreen.xib */,
				4B9E183519CD276C008B082E /* Supporting Files */,
			);
			path = Postcard;
			sourceTree = "<group>";
		};
		4B9E183519CD276C008B082E /* Supporting Files */ = {
			isa = PBXGroup;
			children = (
				4B9E183619CD276C008B082E /* Info.plist */,
			);
			name = "Supporting Files";
			sourceTree = "<group>";
		};
		4B9E184A19CD276C008B082E /* PostcardTests */ = {
			isa = PBXGroup;
			children = (
				4B9E184D19CD276C008B082E /* PostcardTests.swift */,
				4B9E184B19CD276C008B082E /* Supporting Files */,
			);
			path = PostcardTests;
			sourceTree = "<group>";
		};
		4B9E184B19CD276C008B082E /* Supporting Files */ = {
			isa = PBXGroup;
			children = (
				4B9E184C19CD276C008B082E /* Info.plist */,
			);
			name = "Supporting Files";
			sourceTree = "<group>";
		};
/* End PBXGroup section */

/* Begin PBXNativeTarget section */
		4B9E183119CD276C008B082E /* Postcard */ = {
			isa = PBXNativeTarget;
			buildConfigurationList = 4B9E185119CD276C008B082E /* Build configuration list for PBXNativeTarget "Postcard" */;
			buildPhases = (
				4B9E182E19CD276C008B082E /* Sources */,
				4B9E182F19CD276C008B082E /* Frameworks */,
				4B9E183019CD276C008B082E /* Resources */,
			);
			buildRules = (
			);
			dependencies = (
			);
			name = Postcard;
			productName = Postcard;
			productReference = 4B9E183219CD276C008B082E /* Postcard.app */;
			productType = "com.apple.product-type.application";
		};
		4B9E184619CD276C008B082E /* PostcardTests */ = {
			isa = PBXNativeTarget;
			buildConfigurationList = 4B9E185419CD276C008B082E /* Build configuration list for PBXNativeTarget "PostcardTests" */;
			buildPhases = (
				4B9E184319CD276C008B082E /* Sources */,
				4B9E184419CD276C008B082E /* Frameworks */,
				4B9E184519CD276C008B082E /* Resources */,
			);
			buildRules = (
			);
			dependencies = (
				4B9E184919CD276C008B082E /* PBXTargetDependency */,
			);
			name = PostcardTests;
			productName = PostcardTests;
			productReference = 4B9E184719CD276C008B082E /* PostcardTests.xctest */;
			productType = "com.apple.product-type.bundle.unit-test";
		};
/* End PBXNativeTarget section */

/* Begin PBXProject section */
		4B9E182A19CD276C008B082E /* Project object */ = {
			isa = PBXProject;
			attributes = {
				LastUpgradeCheck = 0600;
				ORGANIZATIONNAME = "Cosmic Gorgons";
				TargetAttributes = {
					4B9E183119CD276C008B082E = {
						CreatedOnToolsVersion = 6.0.1;
					};
					4B9E184619CD276C008B082E = {
						CreatedOnToolsVersion = 6.0.1;
						TestTargetID = 4B9E183119CD276C008B082E;
					};
				};
			};
			buildConfigurationList = 4B9E182D19CD276C008B082E /* Build configuration list for PBXProject "Postcard" */;
			compatibilityVersion = "Xcode 3.2";
			developmentRegion = English;
			hasScannedForEncodings = 0;
			knownRegions = (
				en,
				Base,
			);
			mainGroup = 4B9E182919CD276C008B082E;
			productRefGroup = 4B9E183319CD276C008B082E /* Products */;
			projectDirPath = "";
			projectRoot = "";
			targets = (
				4B9E183119CD276C008B082E /* Postcard */,
				4B9E184619CD276C008B082E /* PostcardTests */,
			);
		};
/* End PBXProject section */

/* Begin PBXResourcesBuildPhase section */
		4B9E183019CD276C008B082E /* Resources */ = {
			isa = PBXResourcesBuildPhase;
			buildActionMask = 2147483647;
			files = (
				4B9E183D19CD276C008B082E /* Main.storyboard in Resources */,
				4B9E184219CD276C008B082E /* LaunchScreen.xib in Resources */,
				4B9E183F19CD276C008B082E /* Images.xcassets in Resources */,
			);
			runOnlyForDeploymentPostprocessing = 0;
		};
		4B9E184519CD276C008B082E /* Resources */ = {
			isa = PBXResourcesBuildPhase;
			buildActionMask = 2147483647;
			files = (
			);
			runOnlyForDeploymentPostprocessing = 0;
		};
/* End PBXResourcesBuildPhase section */

/* Begin PBXSourcesBuildPhase section */
		4B9E182E19CD276C008B082E /* Sources */ = {
			isa = PBXSourcesBuildPhase;
			buildActionMask = 2147483647;
			files = (
				4B9E183A19CD276C008B082E /* ViewController.swift in Sources */,
				4B9E183819CD276C008B082E /* AppDelegate.swift in Sources */,
			);
			runOnlyForDeploymentPostprocessing = 0;
		};
		4B9E184319CD276C008B082E /* Sources */ = {
			isa = PBXSourcesBuildPhase;
			buildActionMask = 2147483647;
			files = (
				4B9E184E19CD276C008B082E /* PostcardTests.swift in Sources */,
			);
			runOnlyForDeploymentPostprocessing = 0;
		};
/* End PBXSourcesBuildPhase section */

/* Begin PBXTargetDependency section */
		4B9E184919CD276C008B082E /* PBXTargetDependency */ = {
			isa = PBXTargetDependency;
			target = 4B9E183119CD276C008B082E /* Postcard */;
			targetProxy = 4B9E184819CD276C008B082E /* PBXContainerItemProxy */;
		};
/* End PBXTargetDependency section */

/* Begin PBXVariantGroup section */
		4B9E183B19CD276C008B082E /* Main.storyboard */ = {
			isa = PBXVariantGroup;
			children = (
				4B9E183C19CD276C008B082E /* Base */,
			);
			name = Main.storyboard;
			sourceTree = "<group>";
		};
		4B9E184019CD276C008B082E /* LaunchScreen.xib */ = {
			isa = PBXVariantGroup;
			children = (
				4B9E184119CD276C008B082E /* Base */,
			);
			name = LaunchScreen.xib;
			sourceTree = "<group>";
		};
/* End PBXVariantGroup section */

/* Begin XCBuildConfiguration section */
		4B9E184F19CD276C008B082E /* Debug */ = {
			isa = XCBuildConfiguration;
			buildSettings = {
				ALWAYS_SEARCH_USER_PATHS = NO;
				CLANG_CXX_LANGUAGE_STANDARD = "gnu++0x";
				CLANG_CXX_LIBRARY = "libc++";
				CLANG_ENABLE_MODULES = YES;
				CLANG_ENABLE_OBJC_ARC = YES;
				CLANG_WARN_BOOL_CONVERSION = YES;
				CLANG_WARN_CONSTANT_CONVERSION = YES;
				CLANG_WARN_DIRECT_OBJC_ISA_USAGE = YES_ERROR;
				CLANG_WARN_EMPTY_BODY = YES;
				CLANG_WARN_ENUM_CONVERSION = YES;
				CLANG_WARN_INT_CONVERSION = YES;
				CLANG_WARN_OBJC_ROOT_CLASS = YES_ERROR;
				CLANG_WARN_UNREACHABLE_CODE = YES;
				CLANG_WARN__DUPLICATE_METHOD_MATCH = YES;
				"CODE_SIGN_IDENTITY[sdk=iphoneos*]" = "iPhone Developer";
				COPY_PHASE_STRIP = NO;
				ENABLE_STRICT_OBJC_MSGSEND = YES;
				GCC_C_LANGUAGE_STANDARD = gnu99;
				GCC_DYNAMIC_NO_PIC = NO;
				GCC_OPTIMIZATION_LEVEL = 0;
				GCC_PREPROCESSOR_DEFINITIONS = (
					"DEBUG=1",
					"$(inherited)",
				);
				GCC_SYMBOLS_PRIVATE_EXTERN = NO;
				GCC_WARN_64_TO_32_BIT_CONVERSION = YES;
				GCC_WARN_ABOUT_RETURN_TYPE = YES_ERROR;
				GCC_WARN_UNDECLARED_SELECTOR = YES;
				GCC_WARN_UNINITIALIZED_AUTOS = YES_AGGRESSIVE;
				GCC_WARN_UNUSED_FUNCTION = YES;
				GCC_WARN_UNUSED_VARIABLE = YES;
				IPHONEOS_DEPLOYMENT_TARGET = 8.0;
				MTL_ENABLE_DEBUG_INFO = YES;
				ONLY_ACTIVE_ARCH = YES;
				SDKROOT = iphoneos;
				SWIFT_OPTIMIZATION_LEVEL = "-Onone";
			};
			name = Debug;
		};
		4B9E185019CD276C008B082E /* Release */ = {
			isa = XCBuildConfiguration;
			buildSettings = {
				ALWAYS_SEARCH_USER_PATHS = NO;
				CLANG_CXX_LANGUAGE_STANDARD = "gnu++0x";
				CLANG_CXX_LIBRARY = "libc++";
				CLANG_ENABLE_MODULES = YES;
				CLANG_ENABLE_OBJC_ARC = YES;
				CLANG_WARN_BOOL_CONVERSION = YES;
				CLANG_WARN_CONSTANT_CONVERSION = YES;
				CLANG_WARN_DIRECT_OBJC_ISA_USAGE = YES_ERROR;
				CLANG_WARN_EMPTY_BODY = YES;
				CLANG_WARN_ENUM_CONVERSION = YES;
				CLANG_WARN_INT_CONVERSION = YES;
				CLANG_WARN_OBJC_ROOT_CLASS = YES_ERROR;
				CLANG_WARN_UNREACHABLE_CODE = YES;
				CLANG_WARN__DUPLICATE_METHOD_MATCH = YES;
				"CODE_SIGN_IDENTITY[sdk=iphoneos*]" = "iPhone Developer";
				COPY_PHASE_STRIP = YES;
				ENABLE_NS_ASSERTIONS = NO;
				ENABLE_STRICT_OBJC_MSGSEND = YES;
				GCC_C_LANGUAGE_STANDARD = gnu99;
				GCC_WARN_64_TO_32_BIT_CONVERSION = YES;
				GCC_WARN_ABOUT_RETURN_TYPE = YES_ERROR;
				GCC_WARN_UNDECLARED_SELECTOR = YES;
				GCC_WARN_UNINITIALIZED_AUTOS = YES_AGGRESSIVE;
				GCC_WARN_UNUSED_FUNCTION = YES;
				GCC_WARN_UNUSED_VARIABLE = YES;
				IPHONEOS_DEPLOYMENT_TARGET = 8.0;
				MTL_ENABLE_DEBUG_INFO = NO;
				SDKROOT = iphoneos;
				VALIDATE_PRODUCT = YES;
			};
			name = Release;
		};
		4B9E185219CD276C008B082E /* Debug */ = {
			isa = XCBuildConfiguration;
			buildSettings = {
				ASSETCATALOG_COMPILER_APPICON_NAME = AppIcon;
				INFOPLIST_FILE = Postcard/Info.plist;
				LD_RUNPATH_SEARCH_PATHS = "$(inherited) @executable_path/Frameworks";
				PRODUCT_NAME = "$(TARGET_NAME)";
			};
			name = Debug;
		};
		4B9E185319CD276C008B082E /* Release */ = {
			isa = XCBuildConfiguration;
			buildSettings = {
				ASSETCATALOG_COMPILER_APPICON_NAME = AppIcon;
				INFOPLIST_FILE = Postcard/Info.plist;
				LD_RUNPATH_SEARCH_PATHS = "$(inherited) @executable_path/Frameworks";
				PRODUCT_NAME = "$(TARGET_NAME)";
			};
			name = Release;
		};
		4B9E185519CD276C008B082E /* Debug */ = {
			isa = XCBuildConfiguration;
			buildSettings = {
				BUNDLE_LOADER = "$(TEST_HOST)";
				FRAMEWORK_SEARCH_PATHS = (
					"$(SDKROOT)/Developer/Library/Frameworks",
					"$(inherited)",
				);
				GCC_PREPROCESSOR_DEFINITIONS = (
					"DEBUG=1",
					"$(inherited)",
				);
				INFOPLIST_FILE = PostcardTests/Info.plist;
				LD_RUNPATH_SEARCH_PATHS = "$(inherited) @executable_path/Frameworks @loader_path/Frameworks";
				PRODUCT_NAME = "$(TARGET_NAME)";
				TEST_HOST = "$(BUILT_PRODUCTS_DIR)/Postcard.app/Postcard";
			};
			name = Debug;
		};
		4B9E185619CD276C008B082E /* Release */ = {
			isa = XCBuildConfiguration;
			buildSettings = {
				BUNDLE_LOADER = "$(TEST_HOST)";
				FRAMEWORK_SEARCH_PATHS = (
					"$(SDKROOT)/Developer/Library/Frameworks",
					"$(inherited)",
				);
				INFOPLIST_FILE = PostcardTests/Info.plist;
				LD_RUNPATH_SEARCH_PATHS = "$(inherited) @executable_path/Frameworks @loader_path/Frameworks";
				PRODUCT_NAME = "$(TARGET_NAME)";
				TEST_HOST = "$(BUILT_PRODUCTS_DIR)/Postcard.app/Postcard";
			};
			name = Release;
		};
/* End XCBuildConfiguration section */

/* Begin XCConfigurationList section */
		4B9E182D19CD276C008B082E /* Build configuration list for PBXProject "Postcard" */ = {
			isa = XCConfigurationList;
			buildConfigurations = (
				4B9E184F19CD276C008B082E /* Debug */,
				4B9E185019CD276C008B082E /* Release */,
			);
			defaultConfigurationIsVisible = 0;
			defaultConfigurationName = Release;
		};
		4B9E185119CD276C008B082E /* Build configuration list for PBXNativeTarget "Postcard" */ = {
			isa = XCConfigurationList;
			buildConfigurations = (
				4B9E185219CD276C008B082E /* Debug */,
				4B9E185319CD276C008B082E /* Release */,
			);
			defaultConfigurationIsVisible = 0;
		};
		4B9E185419CD276C008B082E /* Build configuration list for PBXNativeTarget "PostcardTests" */ = {
			isa = XCConfigurationList;
			buildConfigurations = (
				4B9E185519CD276C008B082E /* Debug */,
				4B9E185619CD276C008B082E /* Release */,
			);
			defaultConfigurationIsVisible = 0;
		};
/* End XCConfigurationList section */
	};
	rootObject = 4B9E182A19CD276C008B082E /* Project object */;
}
